
Microsoft Visual Studio Solution File, Format Version 12.00
# Visual Studio Version 16
VisualStudioVersion = 16.0.29920.165
MinimumVisualStudioVersion = 10.0.40219.1
Project("{FAE04EC0-301F-11D3-BF4B-00C04F79EFBC}") = "PR-01", "PR-01.csproj", "{CCF12F97-B054-4646-945B-4D7A0699C6F8}"
EndProject
Global
	GlobalSection(SolutionConfigurationPlatforms) = preSolution
		Debug|Any CPU = Debug|Any CPU
		Release|Any CPU = Release|Any CPU
	EndGlobalSection
	GlobalSection(ProjectConfigurationPlatforms) = postSolution
		{CCF12F97-B054-4646-945B-4D7A0699C6F8}.Debug|Any CPU.ActiveCfg = Debug|Any CPU
		{CCF12F97-B054-4646-945B-4D7A0699C6F8}.Debug|Any CPU.Build.0 = Debug|Any CPU
		{CCF12F97-B054-4646-945B-4D7A0699C6F8}.Release|Any CPU.ActiveCfg = Release|Any CPU
		{CCF12F97-B054-4646-945B-4D7A0699C6F8}.Release|Any CPU.Build.0 = Release|Any CPU
	EndGlobalSection
	GlobalSection(SolutionProperties) = preSolution
		HideSolutionNode = FALSE
	EndGlobalSection
	GlobalSection(ExtensibilityGlobals) = postSolution
		SolutionGuid = {E5DB739A-70A4-49BB-BF3C-ADF209FCAB05}
	EndGlobalSection
EndGlobal
